// !$*UTF8*$!
{
	archiveVersion = 1;
	classes = {
	};
	objectVersion = 77;
	objects = {

/* Begin PBXBuildFile section */
		89317CB52DE11B5F00DD85ED /* Swinject in Frameworks */ = {isa = PBXBuildFile; productRef = 89317CB42DE11B5F00DD85ED /* Swinject */; };
		89339E512DDDE20D00A36E26 /* UserModel.swift in Sources */ = {isa = PBXBuildFile; fileRef = 89339E502DDDE20D00A36E26 /* UserModel.swift */; };
		89339E542DDDE2BE00A36E26 /* CharacterServiceProtocol.swift in Sources */ = {isa = PBXBuildFile; fileRef = 89339E532DDDE2BE00A36E26 /* CharacterServiceProtocol.swift */; };
		89339E572DDDE3BA00A36E26 /* CharacterService.swift in Sources */ = {isa = PBXBuildFile; fileRef = 89339E562DDDE3BA00A36E26 /* CharacterService.swift */; };
		89339E592DDDE40600A36E26 /* AuthorizateRepositoryProtocol.swift in Sources */ = {isa = PBXBuildFile; fileRef = 89339E582DDDE40600A36E26 /* AuthorizateRepositoryProtocol.swift */; };
		89339E5B2DDDE42300A36E26 /* AuthorizateRepository.swift in Sources */ = {isa = PBXBuildFile; fileRef = 89339E5A2DDDE42300A36E26 /* AuthorizateRepository.swift */; };
		89339E5E2DDDE6A600A36E26 /* AuthorizateAssembly.swift in Sources */ = {isa = PBXBuildFile; fileRef = 89339E5D2DDDE6A600A36E26 /* AuthorizateAssembly.swift */; };
		89339E682DDDEC0B00A36E26 /* ProfileView.swift in Sources */ = {isa = PBXBuildFile; fileRef = 89339E672DDDEC0B00A36E26 /* ProfileView.swift */; };
		89339E732DDF016B00A36E26 /* String.swift in Sources */ = {isa = PBXBuildFile; fileRef = 89339E722DDF016B00A36E26 /* String.swift */; };
		89339E762DDF048F00A36E26 /* Kingfisher in Frameworks */ = {isa = PBXBuildFile; productRef = 89339E752DDF048F00A36E26 /* Kingfisher */; };
		89339E782DDF0F7800A36E26 /* ProfileViewModel.swift in Sources */ = {isa = PBXBuildFile; fileRef = 89339E772DDF0F7800A36E26 /* ProfileViewModel.swift */; };
		89339E9B2DDF429B00A36E26 /* ImageRepository.swift in Sources */ = {isa = PBXBuildFile; fileRef = 89339E9A2DDF429B00A36E26 /* ImageRepository.swift */; };
		89339E9D2DDF42B400A36E26 /* ImageRepositoryProtocol.swift in Sources */ = {isa = PBXBuildFile; fileRef = 89339E9C2DDF42B400A36E26 /* ImageRepositoryProtocol.swift */; };
		89339E9F2DDF42D600A36E26 /* PromoModel.swift in Sources */ = {isa = PBXBuildFile; fileRef = 89339E9E2DDF42D600A36E26 /* PromoModel.swift */; };
		89339EA12DDF44D100A36E26 /* ImageCharacterService.swift in Sources */ = {isa = PBXBuildFile; fileRef = 89339EA02DDF44D100A36E26 /* ImageCharacterService.swift */; };
		89339EA52DDF44E400A36E26 /* ImageServiceProtocol.swift in Sources */ = {isa = PBXBuildFile; fileRef = 89339EA42DDF44E400A36E26 /* ImageServiceProtocol.swift */; };
		89339EA72DDF45C400A36E26 /* ProfileAssembly.swift in Sources */ = {isa = PBXBuildFile; fileRef = 89339EA62DDF45C400A36E26 /* ProfileAssembly.swift */; };
		89339EAA2DE0A0A600A36E26 /* TabbarView.swift in Sources */ = {isa = PBXBuildFile; fileRef = 89339EA92DE0A0A600A36E26 /* TabbarView.swift */; };
		89339EAC2DE0CC6F00A36E26 /* NetworkBaseAssembly.swift in Sources */ = {isa = PBXBuildFile; fileRef = 89339EAB2DE0CC6F00A36E26 /* NetworkBaseAssembly.swift */; };
		894BF1412DDC5D9800BB9A68 /* CreateProfileView.swift in Sources */ = {isa = PBXBuildFile; fileRef = 894BF1402DDC5D9800BB9A68 /* CreateProfileView.swift */; };
		894BF1452DDC643300BB9A68 /* CreateProfileViewModel.swift in Sources */ = {isa = PBXBuildFile; fileRef = 894BF1442DDC643300BB9A68 /* CreateProfileViewModel.swift */; };
		894BF1482DDC673B00BB9A68 /* TelegramCodeView.swift in Sources */ = {isa = PBXBuildFile; fileRef = 894BF1472DDC673B00BB9A68 /* TelegramCodeView.swift */; };
		895EC5942DE1BBDD002451A6 /* TelegramAssembly.swift in Sources */ = {isa = PBXBuildFile; fileRef = 895EC5932DE1BBDD002451A6 /* TelegramAssembly.swift */; };
		895EC59D2DE1BD14002451A6 /* TelegramServiceProtocol.swift in Sources */ = {isa = PBXBuildFile; fileRef = 895EC59C2DE1BD14002451A6 /* TelegramServiceProtocol.swift */; };
		895EC59F2DE1BD15002451A6 /* TelegramRepositoryProtocol.swift in Sources */ = {isa = PBXBuildFile; fileRef = 895EC59E2DE1BD15002451A6 /* TelegramRepositoryProtocol.swift */; };
		895EC5A32DE1BD65002451A6 /* CharacterServiceTelegram.swift in Sources */ = {isa = PBXBuildFile; fileRef = 895EC5A22DE1BD65002451A6 /* CharacterServiceTelegram.swift */; };
		895EC5A52DE1BE6E002451A6 /* RegisterViewModel.swift in Sources */ = {isa = PBXBuildFile; fileRef = 895EC5A42DE1BE6E002451A6 /* RegisterViewModel.swift */; };
		895EC5A72DE1BEDA002451A6 /* TelegramRepository.swift in Sources */ = {isa = PBXBuildFile; fileRef = 895EC5A62DE1BEDA002451A6 /* TelegramRepository.swift */; };
		895EC5A92DE1C087002451A6 /* NetworkTelegramAssembly.swift in Sources */ = {isa = PBXBuildFile; fileRef = 895EC5A82DE1C087002451A6 /* NetworkTelegramAssembly.swift */; };
		895EC5AB2DE1C917002451A6 /* TelegramModel.swift in Sources */ = {isa = PBXBuildFile; fileRef = 895EC5AA2DE1C917002451A6 /* TelegramModel.swift */; };
		89A872AA2DDB608C009148AF /* Alamofire in Frameworks */ = {isa = PBXBuildFile; productRef = 89A872A92DDB608C009148AF /* Alamofire */; };
		89A872B02DDB610E009148AF /* LoginView.swift in Sources */ = {isa = PBXBuildFile; fileRef = 89A872AC2DDB610E009148AF /* LoginView.swift */; };
		89A872B12DDB610E009148AF /* NovgorodProfApp.swift in Sources */ = {isa = PBXBuildFile; fileRef = 89A872AE2DDB610E009148AF /* NovgorodProfApp.swift */; };
		89A872B22DDB610E009148AF /* Assets.xcassets in Resources */ = {isa = PBXBuildFile; fileRef = 89A872AB2DDB610E009148AF /* Assets.xcassets */; };
		89A872BF2DDB6B31009148AF /* Benbow Bold.ttf in Resources */ = {isa = PBXBuildFile; fileRef = 89A872BA2DDB6B31009148AF /* Benbow Bold.ttf */; };
		89A872C22DDB6B31009148AF /* Benbow Regular.ttf in Resources */ = {isa = PBXBuildFile; fileRef = 89A872BC2DDB6B31009148AF /* Benbow Regular.ttf */; };
		89A872C32DDB6B31009148AF /* Benbow Semibold.ttf in Resources */ = {isa = PBXBuildFile; fileRef = 89A872BD2DDB6B31009148AF /* Benbow Semibold.ttf */; };
		89A872C72DDB6DAD009148AF /* NetworkApi in Frameworks */ = {isa = PBXBuildFile; productRef = 89A872C62DDB6DAD009148AF /* NetworkApi */; };
		89A872C92DDB6DAD009148AF /* UIKitComponents in Frameworks */ = {isa = PBXBuildFile; productRef = 89A872C82DDB6DAD009148AF /* UIKitComponents */; };
		89A872CB2DDBA055009148AF /* LoginViewModel.swift in Sources */ = {isa = PBXBuildFile; fileRef = 89A872CA2DDBA055009148AF /* LoginViewModel.swift */; };
/* End PBXBuildFile section */

/* Begin PBXFileReference section */
		89339E502DDDE20D00A36E26 /* UserModel.swift */ = {isa = PBXFileReference; lastKnownFileType = sourcecode.swift; path = UserModel.swift; sourceTree = "<group>"; };
		89339E532DDDE2BE00A36E26 /* CharacterServiceProtocol.swift */ = {isa = PBXFileReference; lastKnownFileType = sourcecode.swift; path = CharacterServiceProtocol.swift; sourceTree = "<group>"; };
		89339E562DDDE3BA00A36E26 /* CharacterService.swift */ = {isa = PBXFileReference; lastKnownFileType = sourcecode.swift; path = CharacterService.swift; sourceTree = "<group>"; };
		89339E582DDDE40600A36E26 /* AuthorizateRepositoryProtocol.swift */ = {isa = PBXFileReference; lastKnownFileType = sourcecode.swift; path = AuthorizateRepositoryProtocol.swift; sourceTree = "<group>"; };
		89339E5A2DDDE42300A36E26 /* AuthorizateRepository.swift */ = {isa = PBXFileReference; lastKnownFileType = sourcecode.swift; path = AuthorizateRepository.swift; sourceTree = "<group>"; };
		89339E5D2DDDE6A600A36E26 /* AuthorizateAssembly.swift */ = {isa = PBXFileReference; lastKnownFileType = sourcecode.swift; path = AuthorizateAssembly.swift; sourceTree = "<group>"; };
		89339E672DDDEC0B00A36E26 /* ProfileView.swift */ = {isa = PBXFileReference; lastKnownFileType = sourcecode.swift; path = ProfileView.swift; sourceTree = "<group>"; };
		89339E722DDF016B00A36E26 /* String.swift */ = {isa = PBXFileReference; lastKnownFileType = sourcecode.swift; path = String.swift; sourceTree = "<group>"; };
		89339E772DDF0F7800A36E26 /* ProfileViewModel.swift */ = {isa = PBXFileReference; lastKnownFileType = sourcecode.swift; path = ProfileViewModel.swift; sourceTree = "<group>"; };
		89339E9A2DDF429B00A36E26 /* ImageRepository.swift */ = {isa = PBXFileReference; lastKnownFileType = sourcecode.swift; path = ImageRepository.swift; sourceTree = "<group>"; };
		89339E9C2DDF42B400A36E26 /* ImageRepositoryProtocol.swift */ = {isa = PBXFileReference; lastKnownFileType = sourcecode.swift; path = ImageRepositoryProtocol.swift; sourceTree = "<group>"; };
		89339E9E2DDF42D600A36E26 /* PromoModel.swift */ = {isa = PBXFileReference; lastKnownFileType = sourcecode.swift; path = PromoModel.swift; sourceTree = "<group>"; };
		89339EA02DDF44D100A36E26 /* ImageCharacterService.swift */ = {isa = PBXFileReference; lastKnownFileType = sourcecode.swift; path = ImageCharacterService.swift; sourceTree = "<group>"; };
		89339EA42DDF44E400A36E26 /* ImageServiceProtocol.swift */ = {isa = PBXFileReference; lastKnownFileType = sourcecode.swift; path = ImageServiceProtocol.swift; sourceTree = "<group>"; };
		89339EA62DDF45C400A36E26 /* ProfileAssembly.swift */ = {isa = PBXFileReference; lastKnownFileType = sourcecode.swift; path = ProfileAssembly.swift; sourceTree = "<group>"; };
		89339EA92DE0A0A600A36E26 /* TabbarView.swift */ = {isa = PBXFileReference; lastKnownFileType = sourcecode.swift; path = TabbarView.swift; sourceTree = "<group>"; };
		89339EAB2DE0CC6F00A36E26 /* NetworkBaseAssembly.swift */ = {isa = PBXFileReference; lastKnownFileType = sourcecode.swift; path = NetworkBaseAssembly.swift; sourceTree = "<group>"; };
		894BF1402DDC5D9800BB9A68 /* CreateProfileView.swift */ = {isa = PBXFileReference; lastKnownFileType = sourcecode.swift; path = CreateProfileView.swift; sourceTree = "<group>"; };
		894BF1442DDC643300BB9A68 /* CreateProfileViewModel.swift */ = {isa = PBXFileReference; lastKnownFileType = sourcecode.swift; path = CreateProfileViewModel.swift; sourceTree = "<group>"; };
		894BF1472DDC673B00BB9A68 /* TelegramCodeView.swift */ = {isa = PBXFileReference; lastKnownFileType = sourcecode.swift; path = TelegramCodeView.swift; sourceTree = "<group>"; };
		895EC5932DE1BBDD002451A6 /* TelegramAssembly.swift */ = {isa = PBXFileReference; lastKnownFileType = sourcecode.swift; path = TelegramAssembly.swift; sourceTree = "<group>"; };
		895EC59C2DE1BD14002451A6 /* TelegramServiceProtocol.swift */ = {isa = PBXFileReference; lastKnownFileType = sourcecode.swift; path = TelegramServiceProtocol.swift; sourceTree = "<group>"; };
		895EC59E2DE1BD15002451A6 /* TelegramRepositoryProtocol.swift */ = {isa = PBXFileReference; lastKnownFileType = sourcecode.swift; path = TelegramRepositoryProtocol.swift; sourceTree = "<group>"; };
		895EC5A22DE1BD65002451A6 /* CharacterServiceTelegram.swift */ = {isa = PBXFileReference; lastKnownFileType = sourcecode.swift; path = CharacterServiceTelegram.swift; sourceTree = "<group>"; };
		895EC5A42DE1BE6E002451A6 /* RegisterViewModel.swift */ = {isa = PBXFileReference; lastKnownFileType = sourcecode.swift; path = RegisterViewModel.swift; sourceTree = "<group>"; };
		895EC5A62DE1BEDA002451A6 /* TelegramRepository.swift */ = {isa = PBXFileReference; lastKnownFileType = sourcecode.swift; path = TelegramRepository.swift; sourceTree = "<group>"; };
		895EC5A82DE1C087002451A6 /* NetworkTelegramAssembly.swift */ = {isa = PBXFileReference; lastKnownFileType = sourcecode.swift; path = NetworkTelegramAssembly.swift; sourceTree = "<group>"; };
		895EC5AA2DE1C917002451A6 /* TelegramModel.swift */ = {isa = PBXFileReference; lastKnownFileType = sourcecode.swift; path = TelegramModel.swift; sourceTree = "<group>"; };
		89A872932DDB5F94009148AF /* NovgorodProf.app */ = {isa = PBXFileReference; explicitFileType = wrapper.application; includeInIndex = 0; path = NovgorodProf.app; sourceTree = BUILT_PRODUCTS_DIR; };
		89A872A22DDB5FAF009148AF /* NetworkApi */ = {isa = PBXFileReference; lastKnownFileType = wrapper; path = NetworkApi; sourceTree = "<group>"; };
		89A872A42DDB5FDE009148AF /* UIKitComponents */ = {isa = PBXFileReference; lastKnownFileType = wrapper; path = UIKitComponents; sourceTree = "<group>"; };
		89A872AB2DDB610E009148AF /* Assets.xcassets */ = {isa = PBXFileReference; lastKnownFileType = folder.assetcatalog; path = Assets.xcassets; sourceTree = "<group>"; };
		89A872AC2DDB610E009148AF /* LoginView.swift */ = {isa = PBXFileReference; lastKnownFileType = sourcecode.swift; path = LoginView.swift; sourceTree = "<group>"; };
		89A872AD2DDB610E009148AF /* NovgorodProf.entitlements */ = {isa = PBXFileReference; lastKnownFileType = text.plist.entitlements; path = NovgorodProf.entitlements; sourceTree = "<group>"; };
		89A872AE2DDB610E009148AF /* NovgorodProfApp.swift */ = {isa = PBXFileReference; lastKnownFileType = sourcecode.swift; path = NovgorodProfApp.swift; sourceTree = "<group>"; };
		89A872BA2DDB6B31009148AF /* Benbow Bold.ttf */ = {isa = PBXFileReference; lastKnownFileType = file; path = "Benbow Bold.ttf"; sourceTree = "<group>"; };
		89A872BC2DDB6B31009148AF /* Benbow Regular.ttf */ = {isa = PBXFileReference; lastKnownFileType = file; path = "Benbow Regular.ttf"; sourceTree = "<group>"; };
		89A872BD2DDB6B31009148AF /* Benbow Semibold.ttf */ = {isa = PBXFileReference; lastKnownFileType = file; path = "Benbow Semibold.ttf"; sourceTree = "<group>"; };
		89A872C42DDB6D3C009148AF /* Info.plist */ = {isa = PBXFileReference; lastKnownFileType = text.plist.xml; path = Info.plist; sourceTree = "<group>"; };
		89A872CA2DDBA055009148AF /* LoginViewModel.swift */ = {isa = PBXFileReference; lastKnownFileType = sourcecode.swift; path = LoginViewModel.swift; sourceTree = "<group>"; };
/* End PBXFileReference section */

/* Begin PBXFrameworksBuildPhase section */
		89A872902DDB5F94009148AF /* Frameworks */ = {
			isa = PBXFrameworksBuildPhase;
			buildActionMask = 2147483647;
			files = (
				89339E762DDF048F00A36E26 /* Kingfisher in Frameworks */,
				89317CB52DE11B5F00DD85ED /* Swinject in Frameworks */,
				89A872C72DDB6DAD009148AF /* NetworkApi in Frameworks */,
				89A872C92DDB6DAD009148AF /* UIKitComponents in Frameworks */,
				89A872AA2DDB608C009148AF /* Alamofire in Frameworks */,
			);
			runOnlyForDeploymentPostprocessing = 0;
		};
/* End PBXFrameworksBuildPhase section */

/* Begin PBXGroup section */
		89339E4F2DDDE1D800A36E26 /* Model */ = {
			isa = PBXGroup;
			children = (
				89339E502DDDE20D00A36E26 /* UserModel.swift */,
				89339E9E2DDF42D600A36E26 /* PromoModel.swift */,
				895EC5AA2DE1C917002451A6 /* TelegramModel.swift */,
			);
			path = Model;
			sourceTree = "<group>";
		};
		89339E522DDDE28700A36E26 /* Assembly */ = {
			isa = PBXGroup;
			children = (
				895EC5972DE1BC3D002451A6 /* Telegram */,
				895EC5962DE1BC36002451A6 /* Base */,
			);
			path = Assembly;
			sourceTree = "<group>";
		};
		89339E552DDDE3AC00A36E26 /* Service */ = {
			isa = PBXGroup;
			children = (
				895EC5A12DE1BD54002451A6 /* Telegram */,
				895EC5A02DE1BD4D002451A6 /* Base */,
			);
			path = Service;
			sourceTree = "<group>";
		};
		89339E5C2DDDE68B00A36E26 /* Interface */ = {
			isa = PBXGroup;
			children = (
				895EC59B2DE1BCF6002451A6 /* Telegram */,
				895EC59A2DE1BCEF002451A6 /* Base */,
			);
			path = Interface;
			sourceTree = "<group>";
		};
		89339E662DDDEBFE00A36E26 /* Profile */ = {
			isa = PBXGroup;
			children = (
				89339E672DDDEC0B00A36E26 /* ProfileView.swift */,
			);
			path = Profile;
			sourceTree = "<group>";
		};
		89339E702DDF012300A36E26 /* Common */ = {
			isa = PBXGroup;
			children = (
				89339E712DDF012B00A36E26 /* Extensions */,
			);
			path = Common;
			sourceTree = "<group>";
		};
		89339E712DDF012B00A36E26 /* Extensions */ = {
			isa = PBXGroup;
			children = (
				89339E722DDF016B00A36E26 /* String.swift */,
			);
			path = Extensions;
			sourceTree = "<group>";
		};
		89339EA82DE0A09900A36E26 /* Tabbar */ = {
			isa = PBXGroup;
			children = (
				89339EA92DE0A0A600A36E26 /* TabbarView.swift */,
			);
			path = Tabbar;
			sourceTree = "<group>";
		};
		894BF13E2DDC5C6A00BB9A68 /* Login */ = {
			isa = PBXGroup;
			children = (
				89A872AC2DDB610E009148AF /* LoginView.swift */,
			);
			path = Login;
			sourceTree = "<group>";
		};
		894BF13F2DDC5D8900BB9A68 /* CreateProfile */ = {
			isa = PBXGroup;
			children = (
				894BF1402DDC5D9800BB9A68 /* CreateProfileView.swift */,
			);
			path = CreateProfile;
			sourceTree = "<group>";
		};
		894BF1462DDC672A00BB9A68 /* TelegramCode */ = {
			isa = PBXGroup;
			children = (
				894BF1472DDC673B00BB9A68 /* TelegramCodeView.swift */,
			);
			path = TelegramCode;
			sourceTree = "<group>";
		};
		895EC5962DE1BC36002451A6 /* Base */ = {
			isa = PBXGroup;
			children = (
				89339EAB2DE0CC6F00A36E26 /* NetworkBaseAssembly.swift */,
				89339E5D2DDDE6A600A36E26 /* AuthorizateAssembly.swift */,
				89339EA62DDF45C400A36E26 /* ProfileAssembly.swift */,
			);
			path = Base;
			sourceTree = "<group>";
		};
		895EC5972DE1BC3D002451A6 /* Telegram */ = {
			isa = PBXGroup;
			children = (
				895EC5932DE1BBDD002451A6 /* TelegramAssembly.swift */,
				895EC5A82DE1C087002451A6 /* NetworkTelegramAssembly.swift */,
			);
			path = Telegram;
			sourceTree = "<group>";
		};
		895EC59A2DE1BCEF002451A6 /* Base */ = {
			isa = PBXGroup;
			children = (
				89339E532DDDE2BE00A36E26 /* CharacterServiceProtocol.swift */,
				89339E582DDDE40600A36E26 /* AuthorizateRepositoryProtocol.swift */,
				89339E9C2DDF42B400A36E26 /* ImageRepositoryProtocol.swift */,
				89339EA42DDF44E400A36E26 /* ImageServiceProtocol.swift */,
			);
			path = Base;
			sourceTree = "<group>";
		};
		895EC59B2DE1BCF6002451A6 /* Telegram */ = {
			isa = PBXGroup;
			children = (
				895EC59C2DE1BD14002451A6 /* TelegramServiceProtocol.swift */,
				895EC59E2DE1BD15002451A6 /* TelegramRepositoryProtocol.swift */,
			);
			path = Telegram;
			sourceTree = "<group>";
		};
		895EC5A02DE1BD4D002451A6 /* Base */ = {
			isa = PBXGroup;
			children = (
				89339E562DDDE3BA00A36E26 /* CharacterService.swift */,
				89339EA02DDF44D100A36E26 /* ImageCharacterService.swift */,
			);
			path = Base;
			sourceTree = "<group>";
		};
		895EC5A12DE1BD54002451A6 /* Telegram */ = {
			isa = PBXGroup;
			children = (
				895EC5A22DE1BD65002451A6 /* CharacterServiceTelegram.swift */,
			);
			path = Telegram;
			sourceTree = "<group>";
		};
		89A8728A2DDB5F94009148AF = {
			isa = PBXGroup;
			children = (
				89A872A42DDB5FDE009148AF /* UIKitComponents */,
				89A872A22DDB5FAF009148AF /* NetworkApi */,
				89A872AF2DDB610E009148AF /* NovgorodProf */,
				89A872C52DDB6DAD009148AF /* Frameworks */,
				89A872942DDB5F94009148AF /* Products */,
			);
			sourceTree = "<group>";
		};
		89A872942DDB5F94009148AF /* Products */ = {
			isa = PBXGroup;
			children = (
				89A872932DDB5F94009148AF /* NovgorodProf.app */,
			);
			name = Products;
			sourceTree = "<group>";
		};
		89A872AF2DDB610E009148AF /* NovgorodProf */ = {
			isa = PBXGroup;
			children = (
				89A872C42DDB6D3C009148AF /* Info.plist */,
				89339E702DDF012300A36E26 /* Common */,
				89A872B32DDB6117009148AF /* Data */,
				89A872B42DDB611A009148AF /* Domain */,
				89A872B52DDB611A009148AF /* Presentation */,
				89A872AB2DDB610E009148AF /* Assets.xcassets */,
				89A872AD2DDB610E009148AF /* NovgorodProf.entitlements */,
			);
			path = NovgorodProf;
			sourceTree = "<group>";
		};
		89A872B32DDB6117009148AF /* Data */ = {
			isa = PBXGroup;
			children = (
				89339E5A2DDDE42300A36E26 /* AuthorizateRepository.swift */,
				89339E9A2DDF429B00A36E26 /* ImageRepository.swift */,
				895EC5A62DE1BEDA002451A6 /* TelegramRepository.swift */,
			);
			path = Data;
			sourceTree = "<group>";
		};
		89A872B42DDB611A009148AF /* Domain */ = {
			isa = PBXGroup;
			children = (
				89339E5C2DDDE68B00A36E26 /* Interface */,
				89339E552DDDE3AC00A36E26 /* Service */,
				89339E522DDDE28700A36E26 /* Assembly */,
				89339E4F2DDDE1D800A36E26 /* Model */,
			);
			path = Domain;
			sourceTree = "<group>";
		};
		89A872B52DDB611A009148AF /* Presentation */ = {
			isa = PBXGroup;
			children = (
				89A872B82DDB61C7009148AF /* App */,
				89A872B62DDB6130009148AF /* View */,
				89A872B72DDB6132009148AF /* ViewModel */,
				89A872B92DDB6B26009148AF /* Font */,
			);
			path = Presentation;
			sourceTree = "<group>";
		};
		89A872B62DDB6130009148AF /* View */ = {
			isa = PBXGroup;
			children = (
				89339EA82DE0A09900A36E26 /* Tabbar */,
				89339E662DDDEBFE00A36E26 /* Profile */,
				894BF1462DDC672A00BB9A68 /* TelegramCode */,
				894BF13F2DDC5D8900BB9A68 /* CreateProfile */,
				894BF13E2DDC5C6A00BB9A68 /* Login */,
			);
			path = View;
			sourceTree = "<group>";
		};
		89A872B72DDB6132009148AF /* ViewModel */ = {
			isa = PBXGroup;
			children = (
				89339E772DDF0F7800A36E26 /* ProfileViewModel.swift */,
				894BF1442DDC643300BB9A68 /* CreateProfileViewModel.swift */,
				89A872CA2DDBA055009148AF /* LoginViewModel.swift */,
				895EC5A42DE1BE6E002451A6 /* RegisterViewModel.swift */,
			);
			path = ViewModel;
			sourceTree = "<group>";
		};
		89A872B82DDB61C7009148AF /* App */ = {
			isa = PBXGroup;
			children = (
				89A872AE2DDB610E009148AF /* NovgorodProfApp.swift */,
			);
			path = App;
			sourceTree = "<group>";
		};
		89A872B92DDB6B26009148AF /* Font */ = {
			isa = PBXGroup;
			children = (
				89A872BA2DDB6B31009148AF /* Benbow Bold.ttf */,
				89A872BC2DDB6B31009148AF /* Benbow Regular.ttf */,
				89A872BD2DDB6B31009148AF /* Benbow Semibold.ttf */,
			);
			path = Font;
			sourceTree = "<group>";
		};
		89A872C52DDB6DAD009148AF /* Frameworks */ = {
			isa = PBXGroup;
			children = (
			);
			name = Frameworks;
			sourceTree = "<group>";
		};
/* End PBXGroup section */

/* Begin PBXNativeTarget section */
		89A872922DDB5F94009148AF /* NovgorodProf */ = {
			isa = PBXNativeTarget;
			buildConfigurationList = 89A8729F2DDB5F96009148AF /* Build configuration list for PBXNativeTarget "NovgorodProf" */;
			buildPhases = (
				89A8728F2DDB5F94009148AF /* Sources */,
				89A872902DDB5F94009148AF /* Frameworks */,
				89A872912DDB5F94009148AF /* Resources */,
			);
			buildRules = (
			);
			dependencies = (
			);
			name = NovgorodProf;
			packageProductDependencies = (
				89A872A92DDB608C009148AF /* Alamofire */,
				89A872C62DDB6DAD009148AF /* NetworkApi */,
				89A872C82DDB6DAD009148AF /* UIKitComponents */,
				89339E752DDF048F00A36E26 /* Kingfisher */,
				89317CB42DE11B5F00DD85ED /* Swinject */,
			);
			productName = NovgorodProf;
			productReference = 89A872932DDB5F94009148AF /* NovgorodProf.app */;
			productType = "com.apple.product-type.application";
		};
/* End PBXNativeTarget section */

/* Begin PBXProject section */
		89A8728B2DDB5F94009148AF /* Project object */ = {
			isa = PBXProject;
			attributes = {
				BuildIndependentTargetsInParallel = 1;
				LastSwiftUpdateCheck = 1630;
				LastUpgradeCheck = 1630;
				TargetAttributes = {
					89A872922DDB5F94009148AF = {
						CreatedOnToolsVersion = 16.3;
					};
				};
			};
			buildConfigurationList = 89A8728E2DDB5F94009148AF /* Build configuration list for PBXProject "NovgorodProf" */;
			developmentRegion = en;
			hasScannedForEncodings = 0;
			knownRegions = (
				en,
				Base,
			);
			mainGroup = 89A8728A2DDB5F94009148AF;
			minimizedProjectReferenceProxies = 1;
			packageReferences = (
				89A872A82DDB608C009148AF /* XCRemoteSwiftPackageReference "Alamofire" */,
				89339E742DDF048F00A36E26 /* XCRemoteSwiftPackageReference "Kingfisher" */,
				89317CB32DE11B5F00DD85ED /* XCRemoteSwiftPackageReference "Swinject" */,
			);
			preferredProjectObjectVersion = 77;
			productRefGroup = 89A872942DDB5F94009148AF /* Products */;
			projectDirPath = "";
			projectRoot = "";
			targets = (
				89A872922DDB5F94009148AF /* NovgorodProf */,
			);
		};
/* End PBXProject section */

/* Begin PBXResourcesBuildPhase section */
		89A872912DDB5F94009148AF /* Resources */ = {
			isa = PBXResourcesBuildPhase;
			buildActionMask = 2147483647;
			files = (
				89A872B22DDB610E009148AF /* Assets.xcassets in Resources */,
				89A872BF2DDB6B31009148AF /* Benbow Bold.ttf in Resources */,
				89A872C22DDB6B31009148AF /* Benbow Regular.ttf in Resources */,
				89A872C32DDB6B31009148AF /* Benbow Semibold.ttf in Resources */,
			);
			runOnlyForDeploymentPostprocessing = 0;
		};
/* End PBXResourcesBuildPhase section */

/* Begin PBXSourcesBuildPhase section */
		89A8728F2DDB5F94009148AF /* Sources */ = {
			isa = PBXSourcesBuildPhase;
			buildActionMask = 2147483647;
			files = (
				89339E542DDDE2BE00A36E26 /* CharacterServiceProtocol.swift in Sources */,
				894BF1482DDC673B00BB9A68 /* TelegramCodeView.swift in Sources */,
				895EC5A72DE1BEDA002451A6 /* TelegramRepository.swift in Sources */,
				89339E5B2DDDE42300A36E26 /* AuthorizateRepository.swift in Sources */,
				895EC5AB2DE1C917002451A6 /* TelegramModel.swift in Sources */,
				89339E9F2DDF42D600A36E26 /* PromoModel.swift in Sources */,
				895EC59F2DE1BD15002451A6 /* TelegramRepositoryProtocol.swift in Sources */,
				89339EAC2DE0CC6F00A36E26 /* NetworkBaseAssembly.swift in Sources */,
				895EC5A92DE1C087002451A6 /* NetworkTelegramAssembly.swift in Sources */,
				89339E9B2DDF429B00A36E26 /* ImageRepository.swift in Sources */,
				89A872B02DDB610E009148AF /* LoginView.swift in Sources */,
				89339E5E2DDDE6A600A36E26 /* AuthorizateAssembly.swift in Sources */,
				89339EA52DDF44E400A36E26 /* ImageServiceProtocol.swift in Sources */,
				895EC5942DE1BBDD002451A6 /* TelegramAssembly.swift in Sources */,
				89339E592DDDE40600A36E26 /* AuthorizateRepositoryProtocol.swift in Sources */,
				89339E682DDDEC0B00A36E26 /* ProfileView.swift in Sources */,
				895EC5A32DE1BD65002451A6 /* CharacterServiceTelegram.swift in Sources */,
				89339EA12DDF44D100A36E26 /* ImageCharacterService.swift in Sources */,
				894BF1452DDC643300BB9A68 /* CreateProfileViewModel.swift in Sources */,
				89A872B12DDB610E009148AF /* NovgorodProfApp.swift in Sources */,
				89339E782DDF0F7800A36E26 /* ProfileViewModel.swift in Sources */,
				895EC59D2DE1BD14002451A6 /* TelegramServiceProtocol.swift in Sources */,
				89339E572DDDE3BA00A36E26 /* CharacterService.swift in Sources */,
				894BF1412DDC5D9800BB9A68 /* CreateProfileView.swift in Sources */,
				89339EAA2DE0A0A600A36E26 /* TabbarView.swift in Sources */,
				89339E9D2DDF42B400A36E26 /* ImageRepositoryProtocol.swift in Sources */,
				89339EA72DDF45C400A36E26 /* ProfileAssembly.swift in Sources */,
				89A872CB2DDBA055009148AF /* LoginViewModel.swift in Sources */,
				895EC5A52DE1BE6E002451A6 /* RegisterViewModel.swift in Sources */,
				89339E512DDDE20D00A36E26 /* UserModel.swift in Sources */,
				89339E732DDF016B00A36E26 /* String.swift in Sources */,
			);
			runOnlyForDeploymentPostprocessing = 0;
		};
/* End PBXSourcesBuildPhase section */

/* Begin XCBuildConfiguration section */
		89A8729D2DDB5F96009148AF /* Debug */ = {
			isa = XCBuildConfiguration;
			buildSettings = {
				ALWAYS_SEARCH_USER_PATHS = NO;
				ASSETCATALOG_COMPILER_GENERATE_SWIFT_ASSET_SYMBOL_EXTENSIONS = YES;
				CLANG_ANALYZER_NONNULL = YES;
				CLANG_ANALYZER_NUMBER_OBJECT_CONVERSION = YES_AGGRESSIVE;
				CLANG_CXX_LANGUAGE_STANDARD = "gnu++20";
				CLANG_ENABLE_MODULES = YES;
				CLANG_ENABLE_OBJC_ARC = YES;
				CLANG_ENABLE_OBJC_WEAK = YES;
				CLANG_WARN_BLOCK_CAPTURE_AUTORELEASING = YES;
				CLANG_WARN_BOOL_CONVERSION = YES;
				CLANG_WARN_COMMA = YES;
				CLANG_WARN_CONSTANT_CONVERSION = YES;
				CLANG_WARN_DEPRECATED_OBJC_IMPLEMENTATIONS = YES;
				CLANG_WARN_DIRECT_OBJC_ISA_USAGE = YES_ERROR;
				CLANG_WARN_DOCUMENTATION_COMMENTS = YES;
				CLANG_WARN_EMPTY_BODY = YES;
				CLANG_WARN_ENUM_CONVERSION = YES;
				CLANG_WARN_INFINITE_RECURSION = YES;
				CLANG_WARN_INT_CONVERSION = YES;
				CLANG_WARN_NON_LITERAL_NULL_CONVERSION = YES;
				CLANG_WARN_OBJC_IMPLICIT_RETAIN_SELF = YES;
				CLANG_WARN_OBJC_LITERAL_CONVERSION = YES;
				CLANG_WARN_OBJC_ROOT_CLASS = YES_ERROR;
				CLANG_WARN_QUOTED_INCLUDE_IN_FRAMEWORK_HEADER = YES;
				CLANG_WARN_RANGE_LOOP_ANALYSIS = YES;
				CLANG_WARN_STRICT_PROTOTYPES = YES;
				CLANG_WARN_SUSPICIOUS_MOVE = YES;
				CLANG_WARN_UNGUARDED_AVAILABILITY = YES_AGGRESSIVE;
				CLANG_WARN_UNREACHABLE_CODE = YES;
				CLANG_WARN__DUPLICATE_METHOD_MATCH = YES;
				COPY_PHASE_STRIP = NO;
				DEBUG_INFORMATION_FORMAT = dwarf;
				DEVELOPMENT_TEAM = 74A6F279YB;
				ENABLE_STRICT_OBJC_MSGSEND = YES;
				ENABLE_TESTABILITY = YES;
				ENABLE_USER_SCRIPT_SANDBOXING = YES;
				GCC_C_LANGUAGE_STANDARD = gnu17;
				GCC_DYNAMIC_NO_PIC = NO;
				GCC_NO_COMMON_BLOCKS = YES;
				GCC_OPTIMIZATION_LEVEL = 0;
				GCC_PREPROCESSOR_DEFINITIONS = (
					"DEBUG=1",
					"$(inherited)",
				);
				GCC_WARN_64_TO_32_BIT_CONVERSION = YES;
				GCC_WARN_ABOUT_RETURN_TYPE = YES_ERROR;
				GCC_WARN_UNDECLARED_SELECTOR = YES;
				GCC_WARN_UNINITIALIZED_AUTOS = YES_AGGRESSIVE;
				GCC_WARN_UNUSED_FUNCTION = YES;
				GCC_WARN_UNUSED_VARIABLE = YES;
				LOCALIZATION_PREFERS_STRING_CATALOGS = YES;
				MTL_ENABLE_DEBUG_INFO = INCLUDE_SOURCE;
				MTL_FAST_MATH = YES;
				ONLY_ACTIVE_ARCH = YES;
				SWIFT_ACTIVE_COMPILATION_CONDITIONS = "DEBUG $(inherited)";
				SWIFT_OPTIMIZATION_LEVEL = "-Onone";
			};
			name = Debug;
		};
		89A8729E2DDB5F96009148AF /* Release */ = {
			isa = XCBuildConfiguration;
			buildSettings = {
				ALWAYS_SEARCH_USER_PATHS = NO;
				ASSETCATALOG_COMPILER_GENERATE_SWIFT_ASSET_SYMBOL_EXTENSIONS = YES;
				CLANG_ANALYZER_NONNULL = YES;
				CLANG_ANALYZER_NUMBER_OBJECT_CONVERSION = YES_AGGRESSIVE;
				CLANG_CXX_LANGUAGE_STANDARD = "gnu++20";
				CLANG_ENABLE_MODULES = YES;
				CLANG_ENABLE_OBJC_ARC = YES;
				CLANG_ENABLE_OBJC_WEAK = YES;
				CLANG_WARN_BLOCK_CAPTURE_AUTORELEASING = YES;
				CLANG_WARN_BOOL_CONVERSION = YES;
				CLANG_WARN_COMMA = YES;
				CLANG_WARN_CONSTANT_CONVERSION = YES;
				CLANG_WARN_DEPRECATED_OBJC_IMPLEMENTATIONS = YES;
				CLANG_WARN_DIRECT_OBJC_ISA_USAGE = YES_ERROR;
				CLANG_WARN_DOCUMENTATION_COMMENTS = YES;
				CLANG_WARN_EMPTY_BODY = YES;
				CLANG_WARN_ENUM_CONVERSION = YES;
				CLANG_WARN_INFINITE_RECURSION = YES;
				CLANG_WARN_INT_CONVERSION = YES;
				CLANG_WARN_NON_LITERAL_NULL_CONVERSION = YES;
				CLANG_WARN_OBJC_IMPLICIT_RETAIN_SELF = YES;
				CLANG_WARN_OBJC_LITERAL_CONVERSION = YES;
				CLANG_WARN_OBJC_ROOT_CLASS = YES_ERROR;
				CLANG_WARN_QUOTED_INCLUDE_IN_FRAMEWORK_HEADER = YES;
				CLANG_WARN_RANGE_LOOP_ANALYSIS = YES;
				CLANG_WARN_STRICT_PROTOTYPES = YES;
				CLANG_WARN_SUSPICIOUS_MOVE = YES;
				CLANG_WARN_UNGUARDED_AVAILABILITY = YES_AGGRESSIVE;
				CLANG_WARN_UNREACHABLE_CODE = YES;
				CLANG_WARN__DUPLICATE_METHOD_MATCH = YES;
				COPY_PHASE_STRIP = NO;
				DEBUG_INFORMATION_FORMAT = "dwarf-with-dsym";
				DEVELOPMENT_TEAM = 74A6F279YB;
				ENABLE_NS_ASSERTIONS = NO;
				ENABLE_STRICT_OBJC_MSGSEND = YES;
				ENABLE_USER_SCRIPT_SANDBOXING = YES;
				GCC_C_LANGUAGE_STANDARD = gnu17;
				GCC_NO_COMMON_BLOCKS = YES;
				GCC_WARN_64_TO_32_BIT_CONVERSION = YES;
				GCC_WARN_ABOUT_RETURN_TYPE = YES_ERROR;
				GCC_WARN_UNDECLARED_SELECTOR = YES;
				GCC_WARN_UNINITIALIZED_AUTOS = YES_AGGRESSIVE;
				GCC_WARN_UNUSED_FUNCTION = YES;
				GCC_WARN_UNUSED_VARIABLE = YES;
				LOCALIZATION_PREFERS_STRING_CATALOGS = YES;
				MTL_ENABLE_DEBUG_INFO = NO;
				MTL_FAST_MATH = YES;
				SWIFT_COMPILATION_MODE = wholemodule;
			};
			name = Release;
		};
		89A872A02DDB5F96009148AF /* Debug */ = {
			isa = XCBuildConfiguration;
			buildSettings = {
				ASSETCATALOG_COMPILER_APPICON_NAME = AppIcon;
				ASSETCATALOG_COMPILER_GLOBAL_ACCENT_COLOR_NAME = AccentColor;
				CODE_SIGN_ENTITLEMENTS = NovgorodProf/NovgorodProf.entitlements;
				CODE_SIGN_STYLE = Automatic;
				CURRENT_PROJECT_VERSION = 1;
				DEVELOPMENT_TEAM = 74A6F279YB;
				ENABLE_HARDENED_RUNTIME = YES;
				ENABLE_PREVIEWS = YES;
				GENERATE_INFOPLIST_FILE = YES;
				INFOPLIST_FILE = NovgorodProf/Info.plist;
				"INFOPLIST_KEY_UIApplicationSceneManifest_Generation[sdk=iphoneos*]" = YES;
				"INFOPLIST_KEY_UIApplicationSceneManifest_Generation[sdk=iphonesimulator*]" = YES;
				"INFOPLIST_KEY_UIApplicationSupportsIndirectInputEvents[sdk=iphoneos*]" = YES;
				"INFOPLIST_KEY_UIApplicationSupportsIndirectInputEvents[sdk=iphonesimulator*]" = YES;
				"INFOPLIST_KEY_UILaunchScreen_Generation[sdk=iphoneos*]" = YES;
				"INFOPLIST_KEY_UILaunchScreen_Generation[sdk=iphonesimulator*]" = YES;
				"INFOPLIST_KEY_UIStatusBarStyle[sdk=iphoneos*]" = UIStatusBarStyleDefault;
				"INFOPLIST_KEY_UIStatusBarStyle[sdk=iphonesimulator*]" = UIStatusBarStyleDefault;
				INFOPLIST_KEY_UISupportedInterfaceOrientations_iPad = "UIInterfaceOrientationPortrait UIInterfaceOrientationPortraitUpsideDown UIInterfaceOrientationLandscapeLeft UIInterfaceOrientationLandscapeRight";
				INFOPLIST_KEY_UISupportedInterfaceOrientations_iPhone = "UIInterfaceOrientationPortrait UIInterfaceOrientationLandscapeLeft UIInterfaceOrientationLandscapeRight";
				IPHONEOS_DEPLOYMENT_TARGET = 18.4;
				LD_RUNPATH_SEARCH_PATHS = "@executable_path/Frameworks";
				"LD_RUNPATH_SEARCH_PATHS[sdk=macosx*]" = "@executable_path/../Frameworks";
				MACOSX_DEPLOYMENT_TARGET = 15.3;
				MARKETING_VERSION = 1.0;
				PRODUCT_BUNDLE_IDENTIFIER = com.verdx.NovgorodProf;
				PRODUCT_NAME = "$(TARGET_NAME)";
				REGISTER_APP_GROUPS = YES;
				SDKROOT = auto;
				SUPPORTED_PLATFORMS = "iphoneos iphonesimulator";
				SUPPORTS_MACCATALYST = NO;
				SWIFT_EMIT_LOC_STRINGS = YES;
				SWIFT_VERSION = 5.0;
				TARGETED_DEVICE_FAMILY = 1;
				XROS_DEPLOYMENT_TARGET = 2.4;
			};
			name = Debug;
		};
		89A872A12DDB5F96009148AF /* Release */ = {
			isa = XCBuildConfiguration;
			buildSettings = {
				ASSETCATALOG_COMPILER_APPICON_NAME = AppIcon;
				ASSETCATALOG_COMPILER_GLOBAL_ACCENT_COLOR_NAME = AccentColor;
				CODE_SIGN_ENTITLEMENTS = NovgorodProf/NovgorodProf.entitlements;
				CODE_SIGN_STYLE = Automatic;
				CURRENT_PROJECT_VERSION = 1;
				DEVELOPMENT_TEAM = 74A6F279YB;
				ENABLE_HARDENED_RUNTIME = YES;
				ENABLE_PREVIEWS = YES;
				GENERATE_INFOPLIST_FILE = YES;
				INFOPLIST_FILE = NovgorodProf/Info.plist;
				"INFOPLIST_KEY_UIApplicationSceneManifest_Generation[sdk=iphoneos*]" = YES;
				"INFOPLIST_KEY_UIApplicationSceneManifest_Generation[sdk=iphonesimulator*]" = YES;
				"INFOPLIST_KEY_UIApplicationSupportsIndirectInputEvents[sdk=iphoneos*]" = YES;
				"INFOPLIST_KEY_UIApplicationSupportsIndirectInputEvents[sdk=iphonesimulator*]" = YES;
				"INFOPLIST_KEY_UILaunchScreen_Generation[sdk=iphoneos*]" = YES;
				"INFOPLIST_KEY_UILaunchScreen_Generation[sdk=iphonesimulator*]" = YES;
				"INFOPLIST_KEY_UIStatusBarStyle[sdk=iphoneos*]" = UIStatusBarStyleDefault;
				"INFOPLIST_KEY_UIStatusBarStyle[sdk=iphonesimulator*]" = UIStatusBarStyleDefault;
				INFOPLIST_KEY_UISupportedInterfaceOrientations_iPad = "UIInterfaceOrientationPortrait UIInterfaceOrientationPortraitUpsideDown UIInterfaceOrientationLandscapeLeft UIInterfaceOrientationLandscapeRight";
				INFOPLIST_KEY_UISupportedInterfaceOrientations_iPhone = "UIInterfaceOrientationPortrait UIInterfaceOrientationLandscapeLeft UIInterfaceOrientationLandscapeRight";
				IPHONEOS_DEPLOYMENT_TARGET = 18.4;
				LD_RUNPATH_SEARCH_PATHS = "@executable_path/Frameworks";
				"LD_RUNPATH_SEARCH_PATHS[sdk=macosx*]" = "@executable_path/../Frameworks";
				MACOSX_DEPLOYMENT_TARGET = 15.3;
				MARKETING_VERSION = 1.0;
				PRODUCT_BUNDLE_IDENTIFIER = com.verdx.NovgorodProf;
				PRODUCT_NAME = "$(TARGET_NAME)";
				REGISTER_APP_GROUPS = YES;
				SDKROOT = auto;
				SUPPORTED_PLATFORMS = "iphoneos iphonesimulator";
				SUPPORTS_MACCATALYST = NO;
				SWIFT_EMIT_LOC_STRINGS = YES;
				SWIFT_VERSION = 5.0;
				TARGETED_DEVICE_FAMILY = 1;
				XROS_DEPLOYMENT_TARGET = 2.4;
			};
			name = Release;
		};
/* End XCBuildConfiguration section */

/* Begin XCConfigurationList section */
		89A8728E2DDB5F94009148AF /* Build configuration list for PBXProject "NovgorodProf" */ = {
			isa = XCConfigurationList;
			buildConfigurations = (
				89A8729D2DDB5F96009148AF /* Debug */,
				89A8729E2DDB5F96009148AF /* Release */,
			);
			defaultConfigurationIsVisible = 0;
			defaultConfigurationName = Release;
		};
		89A8729F2DDB5F96009148AF /* Build configuration list for PBXNativeTarget "NovgorodProf" */ = {
			isa = XCConfigurationList;
			buildConfigurations = (
				89A872A02DDB5F96009148AF /* Debug */,
				89A872A12DDB5F96009148AF /* Release */,
			);
			defaultConfigurationIsVisible = 0;
			defaultConfigurationName = Release;
		};
/* End XCConfigurationList section */

/* Begin XCRemoteSwiftPackageReference section */
		89317CB32DE11B5F00DD85ED /* XCRemoteSwiftPackageReference "Swinject" */ = {
			isa = XCRemoteSwiftPackageReference;
			repositoryURL = "https://github.com/Swinject/Swinject.git";
			requirement = {
				kind = upToNextMajorVersion;
				minimumVersion = 2.9.1;
			};
		};
		89339E742DDF048F00A36E26 /* XCRemoteSwiftPackageReference "Kingfisher" */ = {
			isa = XCRemoteSwiftPackageReference;
			repositoryURL = "https://github.com/onevcat/Kingfisher.git";
			requirement = {
				kind = upToNextMajorVersion;
				minimumVersion = 8.3.2;
			};
		};
		89A872A82DDB608C009148AF /* XCRemoteSwiftPackageReference "Alamofire" */ = {
			isa = XCRemoteSwiftPackageReference;
			repositoryURL = "https://github.com/Alamofire/Alamofire.git";
			requirement = {
				kind = upToNextMajorVersion;
				minimumVersion = 5.10.2;
			};
		};
/* End XCRemoteSwiftPackageReference section */

/* Begin XCSwiftPackageProductDependency section */
		89317CB42DE11B5F00DD85ED /* Swinject */ = {
			isa = XCSwiftPackageProductDependency;
			package = 89317CB32DE11B5F00DD85ED /* XCRemoteSwiftPackageReference "Swinject" */;
			productName = Swinject;
		};
		89339E752DDF048F00A36E26 /* Kingfisher */ = {
			isa = XCSwiftPackageProductDependency;
			package = 89339E742DDF048F00A36E26 /* XCRemoteSwiftPackageReference "Kingfisher" */;
			productName = Kingfisher;
		};
		89A872A92DDB608C009148AF /* Alamofire */ = {
			isa = XCSwiftPackageProductDependency;
			package = 89A872A82DDB608C009148AF /* XCRemoteSwiftPackageReference "Alamofire" */;
			productName = Alamofire;
		};
		89A872C62DDB6DAD009148AF /* NetworkApi */ = {
			isa = XCSwiftPackageProductDependency;
			productName = NetworkApi;
		};
		89A872C82DDB6DAD009148AF /* UIKitComponents */ = {
			isa = XCSwiftPackageProductDependency;
			productName = UIKitComponents;
		};
/* End XCSwiftPackageProductDependency section */
	};
	rootObject = 89A8728B2DDB5F94009148AF /* Project object */;
}
